// !$*UTF8*$!
{
	archiveVersion = 1;
	classes = {
	};
	objectVersion = 46;
	objects = {

/* Begin PBXBuildFile section */
		00F5C59D1C7EB57300E8FC0A /* AppDelegate.swift in Sources */ = {isa = PBXBuildFile; fileRef = 00F5C59C1C7EB57300E8FC0A /* AppDelegate.swift */; };
		00F5C59F1C7EB57300E8FC0A /* MasterViewController.swift in Sources */ = {isa = PBXBuildFile; fileRef = 00F5C59E1C7EB57300E8FC0A /* MasterViewController.swift */; };
		00F5C5A11C7EB57300E8FC0A /* DetailViewController.swift in Sources */ = {isa = PBXBuildFile; fileRef = 00F5C5A01C7EB57300E8FC0A /* DetailViewController.swift */; };
		00F5C5A41C7EB57300E8FC0A /* Main.storyboard in Resources */ = {isa = PBXBuildFile; fileRef = 00F5C5A21C7EB57300E8FC0A /* Main.storyboard */; };
		00F5C5A61C7EB57300E8FC0A /* Assets.xcassets in Resources */ = {isa = PBXBuildFile; fileRef = 00F5C5A51C7EB57300E8FC0A /* Assets.xcassets */; };
		00F5C5A91C7EB57300E8FC0A /* LaunchScreen.storyboard in Resources */ = {isa = PBXBuildFile; fileRef = 00F5C5A71C7EB57300E8FC0A /* LaunchScreen.storyboard */; };
		00F5C5B11C7EB5AC00E8FC0A /* SwiftyJSON.swift in Sources */ = {isa = PBXBuildFile; fileRef = 00F5C5B01C7EB5AC00E8FC0A /* SwiftyJSON.swift */; };
/* End PBXBuildFile section */

/* Begin PBXFileReference section */
		00F5C5991C7EB57300E8FC0A /* HackingWithSwift-07.app */ = {isa = PBXFileReference; explicitFileType = wrapper.application; includeInIndex = 0; path = "HackingWithSwift-07.app"; sourceTree = BUILT_PRODUCTS_DIR; };
		00F5C59C1C7EB57300E8FC0A /* AppDelegate.swift */ = {isa = PBXFileReference; lastKnownFileType = sourcecode.swift; path = AppDelegate.swift; sourceTree = "<group>"; };
		00F5C59E1C7EB57300E8FC0A /* MasterViewController.swift */ = {isa = PBXFileReference; lastKnownFileType = sourcecode.swift; path = MasterViewController.swift; sourceTree = "<group>"; };
		00F5C5A01C7EB57300E8FC0A /* DetailViewController.swift */ = {isa = PBXFileReference; lastKnownFileType = sourcecode.swift; path = DetailViewController.swift; sourceTree = "<group>"; };
		00F5C5A31C7EB57300E8FC0A /* Base */ = {isa = PBXFileReference; lastKnownFileType = file.storyboard; name = Base; path = Base.lproj/Main.storyboard; sourceTree = "<group>"; };
		00F5C5A51C7EB57300E8FC0A /* Assets.xcassets */ = {isa = PBXFileReference; lastKnownFileType = folder.assetcatalog; path = Assets.xcassets; sourceTree = "<group>"; };
		00F5C5A81C7EB57300E8FC0A /* Base */ = {isa = PBXFileReference; lastKnownFileType = file.storyboard; name = Base; path = Base.lproj/LaunchScreen.storyboard; sourceTree = "<group>"; };
		00F5C5AA1C7EB57300E8FC0A /* Info.plist */ = {isa = PBXFileReference; lastKnownFileType = text.plist.xml; path = Info.plist; sourceTree = "<group>"; };
		00F5C5B01C7EB5AC00E8FC0A /* SwiftyJSON.swift */ = {isa = PBXFileReference; fileEncoding = 4; lastKnownFileType = sourcecode.swift; path = SwiftyJSON.swift; sourceTree = "<group>"; };
/* End PBXFileReference section */

/* Begin PBXFrameworksBuildPhase section */
		00F5C5961C7EB57300E8FC0A /* Frameworks */ = {
			isa = PBXFrameworksBuildPhase;
			buildActionMask = 2147483647;
			files = (
			);
			runOnlyForDeploymentPostprocessing = 0;
		};
/* End PBXFrameworksBuildPhase section */

/* Begin PBXGroup section */
		00F5C5901C7EB57300E8FC0A = {
			isa = PBXGroup;
			children = (
				00F5C59B1C7EB57300E8FC0A /* HackingWithSwift-07 */,
				00F5C59A1C7EB57300E8FC0A /* Products */,
			);
			sourceTree = "<group>";
		};
		00F5C59A1C7EB57300E8FC0A /* Products */ = {
			isa = PBXGroup;
			children = (
				00F5C5991C7EB57300E8FC0A /* HackingWithSwift-07.app */,
			);
			name = Products;
			sourceTree = "<group>";
		};
		00F5C59B1C7EB57300E8FC0A /* HackingWithSwift-07 */ = {
			isa = PBXGroup;
			children = (
				00F5C59C1C7EB57300E8FC0A /* AppDelegate.swift */,
				00F5C59E1C7EB57300E8FC0A /* MasterViewController.swift */,
				00F5C5A01C7EB57300E8FC0A /* DetailViewController.swift */,
				00F5C5A21C7EB57300E8FC0A /* Main.storyboard */,
				00F5C5A51C7EB57300E8FC0A /* Assets.xcassets */,
				00F5C5A71C7EB57300E8FC0A /* LaunchScreen.storyboard */,
				00F5C5AA1C7EB57300E8FC0A /* Info.plist */,
				00F5C5B01C7EB5AC00E8FC0A /* SwiftyJSON.swift */,
			);
			path = "HackingWithSwift-07";
			sourceTree = "<group>";
		};
/* End PBXGroup section */

/* Begin PBXNativeTarget section */
		00F5C5981C7EB57300E8FC0A /* HackingWithSwift-07 */ = {
			isa = PBXNativeTarget;
			buildConfigurationList = 00F5C5AD1C7EB57300E8FC0A /* Build configuration list for PBXNativeTarget "HackingWithSwift-07" */;
			buildPhases = (
				00F5C5951C7EB57300E8FC0A /* Sources */,
				00F5C5961C7EB57300E8FC0A /* Frameworks */,
				00F5C5971C7EB57300E8FC0A /* Resources */,
			);
			buildRules = (
			);
			dependencies = (
			);
			name = "HackingWithSwift-07";
			productName = "HackingWithSwift-07";
			productReference = 00F5C5991C7EB57300E8FC0A /* HackingWithSwift-07.app */;
			productType = "com.apple.product-type.application";
		};
/* End PBXNativeTarget section */

/* Begin PBXProject section */
		00F5C5911C7EB57300E8FC0A /* Project object */ = {
			isa = PBXProject;
			attributes = {
				LastSwiftUpdateCheck = 0720;
				LastUpgradeCheck = 0720;
				ORGANIZATIONNAME = Robin;
				TargetAttributes = {
					00F5C5981C7EB57300E8FC0A = {
						CreatedOnToolsVersion = 7.2.1;
					};
				};
			};
			buildConfigurationList = 00F5C5941C7EB57300E8FC0A /* Build configuration list for PBXProject "HackingWithSwift-07" */;
			compatibilityVersion = "Xcode 3.2";
			developmentRegion = English;
			hasScannedForEncodings = 0;
			knownRegions = (
				en,
				Base,
			);
			mainGroup = 00F5C5901C7EB57300E8FC0A;
			productRefGroup = 00F5C59A1C7EB57300E8FC0A /* Products */;
			projectDirPath = "";
			projectRoot = "";
			targets = (
				00F5C5981C7EB57300E8FC0A /* HackingWithSwift-07 */,
			);
		};
/* End PBXProject section */

/* Begin PBXResourcesBuildPhase section */
		00F5C5971C7EB57300E8FC0A /* Resources */ = {
			isa = PBXResourcesBuildPhase;
			buildActionMask = 2147483647;
			files = (
				00F5C5A91C7EB57300E8FC0A /* LaunchScreen.storyboard in Resources */,
				00F5C5A61C7EB57300E8FC0A /* Assets.xcassets in Resources */,
				00F5C5A41C7EB57300E8FC0A /* Main.storyboard in Resources */,
			);
			runOnlyForDeploymentPostprocessing = 0;
		};
/* End PBXResourcesBuildPhase section */

/* Begin PBXSourcesBuildPhase section */
		00F5C5951C7EB57300E8FC0A /* Sources */ = {
			isa = PBXSourcesBuildPhase;
			buildActionMask = 2147483647;
			files = (
				00F5C5A11C7EB57300E8FC0A /* DetailViewController.swift in Sources */,
				00F5C59F1C7EB57300E8FC0A /* MasterViewController.swift in Sources */,
				00F5C59D1C7EB57300E8FC0A /* AppDelegate.swift in Sources */,
				00F5C5B11C7EB5AC00E8FC0A /* SwiftyJSON.swift in Sources */,
			);
			runOnlyForDeploymentPostprocessing = 0;
		};
/* End PBXSourcesBuildPhase section */

/* Begin PBXVariantGroup section */
		00F5C5A21C7EB57300E8FC0A /* Main.storyboard */ = {
			isa = PBXVariantGroup;
			children = (
				00F5C5A31C7EB57300E8FC0A /* Base */,
			);
			name = Main.storyboard;
			sourceTree = "<group>";
		};
		00F5C5A71C7EB57300E8FC0A /* LaunchScreen.storyboard */ = {
			isa = PBXVariantGroup;
			children = (
				00F5C5A81C7EB57300E8FC0A /* Base */,
			);
			name = LaunchScreen.storyboard;
			sourceTree = "<group>";
		};
/* End PBXVariantGroup section */

/* Begin XCBuildConfiguration section */
		00F5C5AB1C7EB57300E8FC0A /* Debug */ = {
			isa = XCBuildConfiguration;
			buildSettings = {
				ALWAYS_SEARCH_USER_PATHS = NO;
				CLANG_CXX_LANGUAGE_STANDARD = "gnu++0x";
				CLANG_CXX_LIBRARY = "libc++";
				CLANG_ENABLE_MODULES = YES;
				CLANG_ENABLE_OBJC_ARC = YES;
				CLANG_WARN_BOOL_CONVERSION = YES;
				CLANG_WARN_CONSTANT_CONVERSION = YES;
				CLANG_WARN_DIRECT_OBJC_ISA_USAGE = YES_ERROR;
				CLANG_WARN_EMPTY_BODY = YES;
				CLANG_WARN_ENUM_CONVERSION = YES;
				CLANG_WARN_INT_CONVERSION = YES;
				CLANG_WARN_OBJC_ROOT_CLASS = YES_ERROR;
				CLANG_WARN_UNREACHABLE_CODE = YES;
				CLANG_WARN__DUPLICATE_METHOD_MATCH = YES;
				"CODE_SIGN_IDENTITY[sdk=iphoneos*]" = "iPhone Developer";
				COPY_PHASE_STRIP = NO;
				DEBUG_INFORMATION_FORMAT = dwarf;
				ENABLE_STRICT_OBJC_MSGSEND = YES;
				ENABLE_TESTABILITY = YES;
				GCC_C_LANGUAGE_STANDARD = gnu99;
				GCC_DYNAMIC_NO_PIC = NO;
				GCC_NO_COMMON_BLOCKS = YES;
				GCC_OPTIMIZATION_LEVEL = 0;
				GCC_PREPROCESSOR_DEFINITIONS = (
					"DEBUG=1",
					"$(inherited)",
				);
				GCC_WARN_64_TO_32_BIT_CONVERSION = YES;
				GCC_WARN_ABOUT_RETURN_TYPE = YES_ERROR;
				GCC_WARN_UNDECLARED_SELECTOR = YES;
				GCC_WARN_UNINITIALIZED_AUTOS = YES_AGGRESSIVE;
				GCC_WARN_UNUSED_FUNCTION = YES;
				GCC_WARN_UNUSED_VARIABLE = YES;
				IPHONEOS_DEPLOYMENT_TARGET = 9.2;
				MTL_ENABLE_DEBUG_INFO = YES;
				ONLY_ACTIVE_ARCH = YES;
				SDKROOT = iphoneos;
				SWIFT_OPTIMIZATION_LEVEL = "-Onone";
				TARGETED_DEVICE_FAMILY = 2;
			};
			name = Debug;
		};
		00F5C5AC1C7EB57300E8FC0A /* Release */ = {
			isa = XCBuildConfiguration;
			buildSettings = {
				ALWAYS_SEARCH_USER_PATHS = NO;
				CLANG_CXX_LANGUAGE_STANDARD = "gnu++0x";
				CLANG_CXX_LIBRARY = "libc++";
				CLANG_ENABLE_MODULES = YES;
				CLANG_ENABLE_OBJC_ARC = YES;
				CLANG_WARN_BOOL_CONVERSION = YES;
				CLANG_WARN_CONSTANT_CONVERSION = YES;
				CLANG_WARN_DIRECT_OBJC_ISA_USAGE = YES_ERROR;
				CLANG_WARN_EMPTY_BODY = YES;
				CLANG_WARN_ENUM_CONVERSION = YES;
				CLANG_WARN_INT_CONVERSION = YES;
				CLANG_WARN_OBJC_ROOT_CLASS = YES_ERROR;
				CLANG_WARN_UNREACHABLE_CODE = YES;
				CLANG_WARN__DUPLICATE_METHOD_MATCH = YES;
				"CODE_SIGN_IDENTITY[sdk=iphoneos*]" = "iPhone Developer";
				COPY_PHASE_STRIP = NO;
				DEBUG_INFORMATION_FORMAT = "dwarf-with-dsym";
				ENABLE_NS_ASSERTIONS = NO;
				ENABLE_STRICT_OBJC_MSGSEND = YES;
				GCC_C_LANGUAGE_STANDARD = gnu99;
				GCC_NO_COMMON_BLOCKS = YES;
				GCC_WARN_64_TO_32_BIT_CONVERSION = YES;
				GCC_WARN_ABOUT_RETURN_TYPE = YES_ERROR;
				GCC_WARN_UNDECLARED_SELECTOR = YES;
				GCC_WARN_UNINITIALIZED_AUTOS = YES_AGGRESSIVE;
				GCC_WARN_UNUSED_FUNCTION = YES;
				GCC_WARN_UNUSED_VARIABLE = YES;
				IPHONEOS_DEPLOYMENT_TARGET = 9.2;
				MTL_ENABLE_DEBUG_INFO = NO;
				SDKROOT = iphoneos;
				TARGETED_DEVICE_FAMILY = 2;
				VALIDATE_PRODUCT = YES;
			};
			name = Release;
		};
		00F5C5AE1C7EB57300E8FC0A /* Debug */ = {
			isa = XCBuildConfiguration;
			buildSettings = {
				ASSETCATALOG_COMPILER_APPICON_NAME = AppIcon;
				INFOPLIST_FILE = "HackingWithSwift-07/Info.plist";
				LD_RUNPATH_SEARCH_PATHS = "$(inherited) @executable_path/Frameworks";
				PRODUCT_BUNDLE_IDENTIFIER = "com.mRocker.HackingWithSwift-07";
				PRODUCT_NAME = "$(TARGET_NAME)";
			};
			name = Debug;
		};
		00F5C5AF1C7EB57300E8FC0A /* Release */ = {
			isa = XCBuildConfiguration;
			buildSettings = {
				ASSETCATALOG_COMPILER_APPICON_NAME = AppIcon;
				INFOPLIST_FILE = "HackingWithSwift-07/Info.plist";
				LD_RUNPATH_SEARCH_PATHS = "$(inherited) @executable_path/Frameworks";
				PRODUCT_BUNDLE_IDENTIFIER = "com.mRocker.HackingWithSwift-07";
				PRODUCT_NAME = "$(TARGET_NAME)";
			};
			name = Release;
		};
/* End XCBuildConfiguration section */

/* Begin XCConfigurationList section */
		00F5C5941C7EB57300E8FC0A /* Build configuration list for PBXProject "HackingWithSwift-07" */ = {
			isa = XCConfigurationList;
			buildConfigurations = (
				00F5C5AB1C7EB57300E8FC0A /* Debug */,
				00F5C5AC1C7EB57300E8FC0A /* Release */,
			);
			defaultConfigurationIsVisible = 0;
			defaultConfigurationName = Release;
		};
		00F5C5AD1C7EB57300E8FC0A /* Build configuration list for PBXNativeTarget "HackingWithSwift-07" */ = {
			isa = XCConfigurationList;
			buildConfigurations = (
				00F5C5AE1C7EB57300E8FC0A /* Debug */,
				00F5C5AF1C7EB57300E8FC0A /* Release */,
			);
			defaultConfigurationIsVisible = 0;
		};
/* End XCConfigurationList section */
	};
	rootObject = 00F5C5911C7EB57300E8FC0A /* Project object */;
}
