// !$*UTF8*$!
{
	archiveVersion = 1;
	classes = {
	};
	objectVersion = 46;
	objects = {

/* Begin PBXBuildFile section */
		00DE6C241C80213400AA7271 /* AppDelegate.swift in Sources */ = {isa = PBXBuildFile; fileRef = 00DE6C231C80213400AA7271 /* AppDelegate.swift */; };
		00DE6C261C80213400AA7271 /* ViewController.swift in Sources */ = {isa = PBXBuildFile; fileRef = 00DE6C251C80213400AA7271 /* ViewController.swift */; };
		00DE6C291C80213400AA7271 /* Main.storyboard in Resources */ = {isa = PBXBuildFile; fileRef = 00DE6C271C80213400AA7271 /* Main.storyboard */; };
		00DE6C2B1C80213400AA7271 /* Assets.xcassets in Resources */ = {isa = PBXBuildFile; fileRef = 00DE6C2A1C80213400AA7271 /* Assets.xcassets */; };
		00DE6C2E1C80213400AA7271 /* LaunchScreen.storyboard in Resources */ = {isa = PBXBuildFile; fileRef = 00DE6C2C1C80213400AA7271 /* LaunchScreen.storyboard */; };
		00DE6C371C80220A00AA7271 /* level1.txt in Resources */ = {isa = PBXBuildFile; fileRef = 00DE6C351C80220A00AA7271 /* level1.txt */; };
		00DE6C381C80220A00AA7271 /* level2.txt in Resources */ = {isa = PBXBuildFile; fileRef = 00DE6C361C80220A00AA7271 /* level2.txt */; };
/* End PBXBuildFile section */

/* Begin PBXFileReference section */
		00DE6C201C80213400AA7271 /* HackingWithSwift-08.app */ = {isa = PBXFileReference; explicitFileType = wrapper.application; includeInIndex = 0; path = "HackingWithSwift-08.app"; sourceTree = BUILT_PRODUCTS_DIR; };
		00DE6C231C80213400AA7271 /* AppDelegate.swift */ = {isa = PBXFileReference; lastKnownFileType = sourcecode.swift; path = AppDelegate.swift; sourceTree = "<group>"; };
		00DE6C251C80213400AA7271 /* ViewController.swift */ = {isa = PBXFileReference; lastKnownFileType = sourcecode.swift; path = ViewController.swift; sourceTree = "<group>"; };
		00DE6C281C80213400AA7271 /* Base */ = {isa = PBXFileReference; lastKnownFileType = file.storyboard; name = Base; path = Base.lproj/Main.storyboard; sourceTree = "<group>"; };
		00DE6C2A1C80213400AA7271 /* Assets.xcassets */ = {isa = PBXFileReference; lastKnownFileType = folder.assetcatalog; path = Assets.xcassets; sourceTree = "<group>"; };
		00DE6C2D1C80213400AA7271 /* Base */ = {isa = PBXFileReference; lastKnownFileType = file.storyboard; name = Base; path = Base.lproj/LaunchScreen.storyboard; sourceTree = "<group>"; };
		00DE6C2F1C80213400AA7271 /* Info.plist */ = {isa = PBXFileReference; lastKnownFileType = text.plist.xml; path = Info.plist; sourceTree = "<group>"; };
		00DE6C351C80220A00AA7271 /* level1.txt */ = {isa = PBXFileReference; fileEncoding = 4; lastKnownFileType = text; path = level1.txt; sourceTree = "<group>"; };
		00DE6C361C80220A00AA7271 /* level2.txt */ = {isa = PBXFileReference; fileEncoding = 4; lastKnownFileType = text; path = level2.txt; sourceTree = "<group>"; };
/* End PBXFileReference section */

/* Begin PBXFrameworksBuildPhase section */
		00DE6C1D1C80213400AA7271 /* Frameworks */ = {
			isa = PBXFrameworksBuildPhase;
			buildActionMask = 2147483647;
			files = (
			);
			runOnlyForDeploymentPostprocessing = 0;
		};
/* End PBXFrameworksBuildPhase section */

/* Begin PBXGroup section */
		00DE6C171C80213400AA7271 = {
			isa = PBXGroup;
			children = (
				00DE6C221C80213400AA7271 /* HackingWithSwift-08 */,
				00DE6C211C80213400AA7271 /* Products */,
			);
			sourceTree = "<group>";
		};
		00DE6C211C80213400AA7271 /* Products */ = {
			isa = PBXGroup;
			children = (
				00DE6C201C80213400AA7271 /* HackingWithSwift-08.app */,
			);
			name = Products;
			sourceTree = "<group>";
		};
		00DE6C221C80213400AA7271 /* HackingWithSwift-08 */ = {
			isa = PBXGroup;
			children = (
				00DE6C231C80213400AA7271 /* AppDelegate.swift */,
				00DE6C251C80213400AA7271 /* ViewController.swift */,
				00DE6C271C80213400AA7271 /* Main.storyboard */,
				00DE6C2A1C80213400AA7271 /* Assets.xcassets */,
				00DE6C2C1C80213400AA7271 /* LaunchScreen.storyboard */,
				00DE6C2F1C80213400AA7271 /* Info.plist */,
				00DE6C351C80220A00AA7271 /* level1.txt */,
				00DE6C361C80220A00AA7271 /* level2.txt */,
			);
			path = "HackingWithSwift-08";
			sourceTree = "<group>";
		};
/* End PBXGroup section */

/* Begin PBXNativeTarget section */
		00DE6C1F1C80213400AA7271 /* HackingWithSwift-08 */ = {
			isa = PBXNativeTarget;
			buildConfigurationList = 00DE6C321C80213400AA7271 /* Build configuration list for PBXNativeTarget "HackingWithSwift-08" */;
			buildPhases = (
				00DE6C1C1C80213400AA7271 /* Sources */,
				00DE6C1D1C80213400AA7271 /* Frameworks */,
				00DE6C1E1C80213400AA7271 /* Resources */,
			);
			buildRules = (
			);
			dependencies = (
			);
			name = "HackingWithSwift-08";
			productName = "HackingWithSwift-08";
			productReference = 00DE6C201C80213400AA7271 /* HackingWithSwift-08.app */;
			productType = "com.apple.product-type.application";
		};
/* End PBXNativeTarget section */

/* Begin PBXProject section */
		00DE6C181C80213400AA7271 /* Project object */ = {
			isa = PBXProject;
			attributes = {
				LastSwiftUpdateCheck = 0720;
				LastUpgradeCheck = 0720;
				ORGANIZATIONNAME = Robin;
				TargetAttributes = {
					00DE6C1F1C80213400AA7271 = {
						CreatedOnToolsVersion = 7.2.1;
					};
				};
			};
			buildConfigurationList = 00DE6C1B1C80213400AA7271 /* Build configuration list for PBXProject "HackingWithSwift-08" */;
			compatibilityVersion = "Xcode 3.2";
			developmentRegion = English;
			hasScannedForEncodings = 0;
			knownRegions = (
				en,
				Base,
			);
			mainGroup = 00DE6C171C80213400AA7271;
			productRefGroup = 00DE6C211C80213400AA7271 /* Products */;
			projectDirPath = "";
			projectRoot = "";
			targets = (
				00DE6C1F1C80213400AA7271 /* HackingWithSwift-08 */,
			);
		};
/* End PBXProject section */

/* Begin PBXResourcesBuildPhase section */
		00DE6C1E1C80213400AA7271 /* Resources */ = {
			isa = PBXResourcesBuildPhase;
			buildActionMask = 2147483647;
			files = (
				00DE6C381C80220A00AA7271 /* level2.txt in Resources */,
				00DE6C2E1C80213400AA7271 /* LaunchScreen.storyboard in Resources */,
				00DE6C371C80220A00AA7271 /* level1.txt in Resources */,
				00DE6C2B1C80213400AA7271 /* Assets.xcassets in Resources */,
				00DE6C291C80213400AA7271 /* Main.storyboard in Resources */,
			);
			runOnlyForDeploymentPostprocessing = 0;
		};
/* End PBXResourcesBuildPhase section */

/* Begin PBXSourcesBuildPhase section */
		00DE6C1C1C80213400AA7271 /* Sources */ = {
			isa = PBXSourcesBuildPhase;
			buildActionMask = 2147483647;
			files = (
				00DE6C261C80213400AA7271 /* ViewController.swift in Sources */,
				00DE6C241C80213400AA7271 /* AppDelegate.swift in Sources */,
			);
			runOnlyForDeploymentPostprocessing = 0;
		};
/* End PBXSourcesBuildPhase section */

/* Begin PBXVariantGroup section */
		00DE6C271C80213400AA7271 /* Main.storyboard */ = {
			isa = PBXVariantGroup;
			children = (
				00DE6C281C80213400AA7271 /* Base */,
			);
			name = Main.storyboard;
			sourceTree = "<group>";
		};
		00DE6C2C1C80213400AA7271 /* LaunchScreen.storyboard */ = {
			isa = PBXVariantGroup;
			children = (
				00DE6C2D1C80213400AA7271 /* Base */,
			);
			name = LaunchScreen.storyboard;
			sourceTree = "<group>";
		};
/* End PBXVariantGroup section */

/* Begin XCBuildConfiguration section */
		00DE6C301C80213400AA7271 /* Debug */ = {
			isa = XCBuildConfiguration;
			buildSettings = {
				ALWAYS_SEARCH_USER_PATHS = NO;
				CLANG_CXX_LANGUAGE_STANDARD = "gnu++0x";
				CLANG_CXX_LIBRARY = "libc++";
				CLANG_ENABLE_MODULES = YES;
				CLANG_ENABLE_OBJC_ARC = YES;
				CLANG_WARN_BOOL_CONVERSION = YES;
				CLANG_WARN_CONSTANT_CONVERSION = YES;
				CLANG_WARN_DIRECT_OBJC_ISA_USAGE = YES_ERROR;
				CLANG_WARN_EMPTY_BODY = YES;
				CLANG_WARN_ENUM_CONVERSION = YES;
				CLANG_WARN_INT_CONVERSION = YES;
				CLANG_WARN_OBJC_ROOT_CLASS = YES_ERROR;
				CLANG_WARN_UNREACHABLE_CODE = YES;
				CLANG_WARN__DUPLICATE_METHOD_MATCH = YES;
				"CODE_SIGN_IDENTITY[sdk=iphoneos*]" = "iPhone Developer";
				COPY_PHASE_STRIP = NO;
				DEBUG_INFORMATION_FORMAT = dwarf;
				ENABLE_STRICT_OBJC_MSGSEND = YES;
				ENABLE_TESTABILITY = YES;
				GCC_C_LANGUAGE_STANDARD = gnu99;
				GCC_DYNAMIC_NO_PIC = NO;
				GCC_NO_COMMON_BLOCKS = YES;
				GCC_OPTIMIZATION_LEVEL = 0;
				GCC_PREPROCESSOR_DEFINITIONS = (
					"DEBUG=1",
					"$(inherited)",
				);
				GCC_WARN_64_TO_32_BIT_CONVERSION = YES;
				GCC_WARN_ABOUT_RETURN_TYPE = YES_ERROR;
				GCC_WARN_UNDECLARED_SELECTOR = YES;
				GCC_WARN_UNINITIALIZED_AUTOS = YES_AGGRESSIVE;
				GCC_WARN_UNUSED_FUNCTION = YES;
				GCC_WARN_UNUSED_VARIABLE = YES;
				IPHONEOS_DEPLOYMENT_TARGET = 9.2;
				MTL_ENABLE_DEBUG_INFO = YES;
				ONLY_ACTIVE_ARCH = YES;
				SDKROOT = iphoneos;
				SWIFT_OPTIMIZATION_LEVEL = "-Onone";
				TARGETED_DEVICE_FAMILY = 2;
			};
			name = Debug;
		};
		00DE6C311C80213400AA7271 /* Release */ = {
			isa = XCBuildConfiguration;
			buildSettings = {
				ALWAYS_SEARCH_USER_PATHS = NO;
				CLANG_CXX_LANGUAGE_STANDARD = "gnu++0x";
				CLANG_CXX_LIBRARY = "libc++";
				CLANG_ENABLE_MODULES = YES;
				CLANG_ENABLE_OBJC_ARC = YES;
				CLANG_WARN_BOOL_CONVERSION = YES;
				CLANG_WARN_CONSTANT_CONVERSION = YES;
				CLANG_WARN_DIRECT_OBJC_ISA_USAGE = YES_ERROR;
				CLANG_WARN_EMPTY_BODY = YES;
				CLANG_WARN_ENUM_CONVERSION = YES;
				CLANG_WARN_INT_CONVERSION = YES;
				CLANG_WARN_OBJC_ROOT_CLASS = YES_ERROR;
				CLANG_WARN_UNREACHABLE_CODE = YES;
				CLANG_WARN__DUPLICATE_METHOD_MATCH = YES;
				"CODE_SIGN_IDENTITY[sdk=iphoneos*]" = "iPhone Developer";
				COPY_PHASE_STRIP = NO;
				DEBUG_INFORMATION_FORMAT = "dwarf-with-dsym";
				ENABLE_NS_ASSERTIONS = NO;
				ENABLE_STRICT_OBJC_MSGSEND = YES;
				GCC_C_LANGUAGE_STANDARD = gnu99;
				GCC_NO_COMMON_BLOCKS = YES;
				GCC_WARN_64_TO_32_BIT_CONVERSION = YES;
				GCC_WARN_ABOUT_RETURN_TYPE = YES_ERROR;
				GCC_WARN_UNDECLARED_SELECTOR = YES;
				GCC_WARN_UNINITIALIZED_AUTOS = YES_AGGRESSIVE;
				GCC_WARN_UNUSED_FUNCTION = YES;
				GCC_WARN_UNUSED_VARIABLE = YES;
				IPHONEOS_DEPLOYMENT_TARGET = 9.2;
				MTL_ENABLE_DEBUG_INFO = NO;
				SDKROOT = iphoneos;
				TARGETED_DEVICE_FAMILY = 2;
				VALIDATE_PRODUCT = YES;
			};
			name = Release;
		};
		00DE6C331C80213400AA7271 /* Debug */ = {
			isa = XCBuildConfiguration;
			buildSettings = {
				ASSETCATALOG_COMPILER_APPICON_NAME = AppIcon;
				INFOPLIST_FILE = "HackingWithSwift-08/Info.plist";
				LD_RUNPATH_SEARCH_PATHS = "$(inherited) @executable_path/Frameworks";
				PRODUCT_BUNDLE_IDENTIFIER = "com.mRocker.HackingWithSwift-08";
				PRODUCT_NAME = "$(TARGET_NAME)";
			};
			name = Debug;
		};
		00DE6C341C80213400AA7271 /* Release */ = {
			isa = XCBuildConfiguration;
			buildSettings = {
				ASSETCATALOG_COMPILER_APPICON_NAME = AppIcon;
				INFOPLIST_FILE = "HackingWithSwift-08/Info.plist";
				LD_RUNPATH_SEARCH_PATHS = "$(inherited) @executable_path/Frameworks";
				PRODUCT_BUNDLE_IDENTIFIER = "com.mRocker.HackingWithSwift-08";
				PRODUCT_NAME = "$(TARGET_NAME)";
			};
			name = Release;
		};
/* End XCBuildConfiguration section */

/* Begin XCConfigurationList section */
		00DE6C1B1C80213400AA7271 /* Build configuration list for PBXProject "HackingWithSwift-08" */ = {
			isa = XCConfigurationList;
			buildConfigurations = (
				00DE6C301C80213400AA7271 /* Debug */,
				00DE6C311C80213400AA7271 /* Release */,
			);
			defaultConfigurationIsVisible = 0;
			defaultConfigurationName = Release;
		};
		00DE6C321C80213400AA7271 /* Build configuration list for PBXNativeTarget "HackingWithSwift-08" */ = {
			isa = XCConfigurationList;
			buildConfigurations = (
				00DE6C331C80213400AA7271 /* Debug */,
				00DE6C341C80213400AA7271 /* Release */,
			);
			defaultConfigurationIsVisible = 0;
		};
/* End XCConfigurationList section */
	};
	rootObject = 00DE6C181C80213400AA7271 /* Project object */;
}
