// !$*UTF8*$!
{
	archiveVersion = 1;
	classes = {
	};
	objectVersion = 46;
	objects = {

/* Begin PBXBuildFile section */
		000D9E0B1C76B7C900FD36B1 /* AppDelegate.swift in Sources */ = {isa = PBXBuildFile; fileRef = 000D9E0A1C76B7C900FD36B1 /* AppDelegate.swift */; };
		000D9E0D1C76B7C900FD36B1 /* MasterViewController.swift in Sources */ = {isa = PBXBuildFile; fileRef = 000D9E0C1C76B7C900FD36B1 /* MasterViewController.swift */; };
		000D9E0F1C76B7C900FD36B1 /* DetailViewController.swift in Sources */ = {isa = PBXBuildFile; fileRef = 000D9E0E1C76B7C900FD36B1 /* DetailViewController.swift */; };
		000D9E121C76B7C900FD36B1 /* Main.storyboard in Resources */ = {isa = PBXBuildFile; fileRef = 000D9E101C76B7C900FD36B1 /* Main.storyboard */; };
		000D9E141C76B7C900FD36B1 /* Assets.xcassets in Resources */ = {isa = PBXBuildFile; fileRef = 000D9E131C76B7C900FD36B1 /* Assets.xcassets */; };
		000D9E171C76B7C900FD36B1 /* LaunchScreen.storyboard in Resources */ = {isa = PBXBuildFile; fileRef = 000D9E151C76B7C900FD36B1 /* LaunchScreen.storyboard */; };
		000D9E291C76B7E200FD36B1 /* nssl0033.jpg in Resources */ = {isa = PBXBuildFile; fileRef = 000D9E1F1C76B7E200FD36B1 /* nssl0033.jpg */; };
		000D9E2A1C76B7E200FD36B1 /* nssl0034.jpg in Resources */ = {isa = PBXBuildFile; fileRef = 000D9E201C76B7E200FD36B1 /* nssl0034.jpg */; };
		000D9E2B1C76B7E200FD36B1 /* nssl0041.jpg in Resources */ = {isa = PBXBuildFile; fileRef = 000D9E211C76B7E200FD36B1 /* nssl0041.jpg */; };
		000D9E2C1C76B7E200FD36B1 /* nssl0042.jpg in Resources */ = {isa = PBXBuildFile; fileRef = 000D9E221C76B7E200FD36B1 /* nssl0042.jpg */; };
		000D9E2D1C76B7E200FD36B1 /* nssl0043.jpg in Resources */ = {isa = PBXBuildFile; fileRef = 000D9E231C76B7E200FD36B1 /* nssl0043.jpg */; };
		000D9E2E1C76B7E200FD36B1 /* nssl0045.jpg in Resources */ = {isa = PBXBuildFile; fileRef = 000D9E241C76B7E200FD36B1 /* nssl0045.jpg */; };
		000D9E2F1C76B7E200FD36B1 /* nssl0046.jpg in Resources */ = {isa = PBXBuildFile; fileRef = 000D9E251C76B7E200FD36B1 /* nssl0046.jpg */; };
		000D9E301C76B7E200FD36B1 /* nssl0049.jpg in Resources */ = {isa = PBXBuildFile; fileRef = 000D9E261C76B7E200FD36B1 /* nssl0049.jpg */; };
		000D9E311C76B7E200FD36B1 /* nssl0051.jpg in Resources */ = {isa = PBXBuildFile; fileRef = 000D9E271C76B7E200FD36B1 /* nssl0051.jpg */; };
		000D9E321C76B7E200FD36B1 /* nssl0091.jpg in Resources */ = {isa = PBXBuildFile; fileRef = 000D9E281C76B7E200FD36B1 /* nssl0091.jpg */; };
/* End PBXBuildFile section */

/* Begin PBXFileReference section */
		000D9E071C76B7C900FD36B1 /* HackingWithSwift-03.app */ = {isa = PBXFileReference; explicitFileType = wrapper.application; includeInIndex = 0; path = "HackingWithSwift-03.app"; sourceTree = BUILT_PRODUCTS_DIR; };
		000D9E0A1C76B7C900FD36B1 /* AppDelegate.swift */ = {isa = PBXFileReference; lastKnownFileType = sourcecode.swift; path = AppDelegate.swift; sourceTree = "<group>"; };
		000D9E0C1C76B7C900FD36B1 /* MasterViewController.swift */ = {isa = PBXFileReference; lastKnownFileType = sourcecode.swift; path = MasterViewController.swift; sourceTree = "<group>"; };
		000D9E0E1C76B7C900FD36B1 /* DetailViewController.swift */ = {isa = PBXFileReference; lastKnownFileType = sourcecode.swift; path = DetailViewController.swift; sourceTree = "<group>"; };
		000D9E111C76B7C900FD36B1 /* Base */ = {isa = PBXFileReference; lastKnownFileType = file.storyboard; name = Base; path = Base.lproj/Main.storyboard; sourceTree = "<group>"; };
		000D9E131C76B7C900FD36B1 /* Assets.xcassets */ = {isa = PBXFileReference; lastKnownFileType = folder.assetcatalog; path = Assets.xcassets; sourceTree = "<group>"; };
		000D9E161C76B7C900FD36B1 /* Base */ = {isa = PBXFileReference; lastKnownFileType = file.storyboard; name = Base; path = Base.lproj/LaunchScreen.storyboard; sourceTree = "<group>"; };
		000D9E181C76B7C900FD36B1 /* Info.plist */ = {isa = PBXFileReference; lastKnownFileType = text.plist.xml; path = Info.plist; sourceTree = "<group>"; };
		000D9E1F1C76B7E200FD36B1 /* nssl0033.jpg */ = {isa = PBXFileReference; lastKnownFileType = image.jpeg; path = nssl0033.jpg; sourceTree = "<group>"; };
		000D9E201C76B7E200FD36B1 /* nssl0034.jpg */ = {isa = PBXFileReference; lastKnownFileType = image.jpeg; path = nssl0034.jpg; sourceTree = "<group>"; };
		000D9E211C76B7E200FD36B1 /* nssl0041.jpg */ = {isa = PBXFileReference; lastKnownFileType = image.jpeg; path = nssl0041.jpg; sourceTree = "<group>"; };
		000D9E221C76B7E200FD36B1 /* nssl0042.jpg */ = {isa = PBXFileReference; lastKnownFileType = image.jpeg; path = nssl0042.jpg; sourceTree = "<group>"; };
		000D9E231C76B7E200FD36B1 /* nssl0043.jpg */ = {isa = PBXFileReference; lastKnownFileType = image.jpeg; path = nssl0043.jpg; sourceTree = "<group>"; };
		000D9E241C76B7E200FD36B1 /* nssl0045.jpg */ = {isa = PBXFileReference; lastKnownFileType = image.jpeg; path = nssl0045.jpg; sourceTree = "<group>"; };
		000D9E251C76B7E200FD36B1 /* nssl0046.jpg */ = {isa = PBXFileReference; lastKnownFileType = image.jpeg; path = nssl0046.jpg; sourceTree = "<group>"; };
		000D9E261C76B7E200FD36B1 /* nssl0049.jpg */ = {isa = PBXFileReference; lastKnownFileType = image.jpeg; path = nssl0049.jpg; sourceTree = "<group>"; };
		000D9E271C76B7E200FD36B1 /* nssl0051.jpg */ = {isa = PBXFileReference; lastKnownFileType = image.jpeg; path = nssl0051.jpg; sourceTree = "<group>"; };
		000D9E281C76B7E200FD36B1 /* nssl0091.jpg */ = {isa = PBXFileReference; lastKnownFileType = image.jpeg; path = nssl0091.jpg; sourceTree = "<group>"; };
/* End PBXFileReference section */

/* Begin PBXFrameworksBuildPhase section */
		000D9E041C76B7C900FD36B1 /* Frameworks */ = {
			isa = PBXFrameworksBuildPhase;
			buildActionMask = 2147483647;
			files = (
			);
			runOnlyForDeploymentPostprocessing = 0;
		};
/* End PBXFrameworksBuildPhase section */

/* Begin PBXGroup section */
		000D9DFE1C76B7C900FD36B1 = {
			isa = PBXGroup;
			children = (
				000D9E091C76B7C900FD36B1 /* HackingWithSwift-03 */,
				000D9E081C76B7C900FD36B1 /* Products */,
			);
			sourceTree = "<group>";
		};
		000D9E081C76B7C900FD36B1 /* Products */ = {
			isa = PBXGroup;
			children = (
				000D9E071C76B7C900FD36B1 /* HackingWithSwift-03.app */,
			);
			name = Products;
			sourceTree = "<group>";
		};
		000D9E091C76B7C900FD36B1 /* HackingWithSwift-03 */ = {
			isa = PBXGroup;
			children = (
				000D9E0A1C76B7C900FD36B1 /* AppDelegate.swift */,
				000D9E0C1C76B7C900FD36B1 /* MasterViewController.swift */,
				000D9E0E1C76B7C900FD36B1 /* DetailViewController.swift */,
				000D9E101C76B7C900FD36B1 /* Main.storyboard */,
				000D9E1E1C76B7E200FD36B1 /* Content */,
				000D9E131C76B7C900FD36B1 /* Assets.xcassets */,
				000D9E151C76B7C900FD36B1 /* LaunchScreen.storyboard */,
				000D9E181C76B7C900FD36B1 /* Info.plist */,
			);
			path = "HackingWithSwift-03";
			sourceTree = "<group>";
		};
		000D9E1E1C76B7E200FD36B1 /* Content */ = {
			isa = PBXGroup;
			children = (
				000D9E1F1C76B7E200FD36B1 /* nssl0033.jpg */,
				000D9E201C76B7E200FD36B1 /* nssl0034.jpg */,
				000D9E211C76B7E200FD36B1 /* nssl0041.jpg */,
				000D9E221C76B7E200FD36B1 /* nssl0042.jpg */,
				000D9E231C76B7E200FD36B1 /* nssl0043.jpg */,
				000D9E241C76B7E200FD36B1 /* nssl0045.jpg */,
				000D9E251C76B7E200FD36B1 /* nssl0046.jpg */,
				000D9E261C76B7E200FD36B1 /* nssl0049.jpg */,
				000D9E271C76B7E200FD36B1 /* nssl0051.jpg */,
				000D9E281C76B7E200FD36B1 /* nssl0091.jpg */,
			);
			path = Content;
			sourceTree = "<group>";
		};
/* End PBXGroup section */

/* Begin PBXNativeTarget section */
		000D9E061C76B7C900FD36B1 /* HackingWithSwift-03 */ = {
			isa = PBXNativeTarget;
			buildConfigurationList = 000D9E1B1C76B7C900FD36B1 /* Build configuration list for PBXNativeTarget "HackingWithSwift-03" */;
			buildPhases = (
				000D9E031C76B7C900FD36B1 /* Sources */,
				000D9E041C76B7C900FD36B1 /* Frameworks */,
				000D9E051C76B7C900FD36B1 /* Resources */,
			);
			buildRules = (
			);
			dependencies = (
			);
			name = "HackingWithSwift-03";
			productName = "HackingWithSwift-03";
			productReference = 000D9E071C76B7C900FD36B1 /* HackingWithSwift-03.app */;
			productType = "com.apple.product-type.application";
		};
/* End PBXNativeTarget section */

/* Begin PBXProject section */
		000D9DFF1C76B7C900FD36B1 /* Project object */ = {
			isa = PBXProject;
			attributes = {
				LastSwiftUpdateCheck = 0720;
				LastUpgradeCheck = 0720;
				ORGANIZATIONNAME = Robin;
				TargetAttributes = {
					000D9E061C76B7C900FD36B1 = {
						CreatedOnToolsVersion = 7.2.1;
					};
				};
			};
			buildConfigurationList = 000D9E021C76B7C900FD36B1 /* Build configuration list for PBXProject "HackingWithSwift-03" */;
			compatibilityVersion = "Xcode 3.2";
			developmentRegion = English;
			hasScannedForEncodings = 0;
			knownRegions = (
				en,
				Base,
			);
			mainGroup = 000D9DFE1C76B7C900FD36B1;
			productRefGroup = 000D9E081C76B7C900FD36B1 /* Products */;
			projectDirPath = "";
			projectRoot = "";
			targets = (
				000D9E061C76B7C900FD36B1 /* HackingWithSwift-03 */,
			);
		};
/* End PBXProject section */

/* Begin PBXResourcesBuildPhase section */
		000D9E051C76B7C900FD36B1 /* Resources */ = {
			isa = PBXResourcesBuildPhase;
			buildActionMask = 2147483647;
			files = (
				000D9E2A1C76B7E200FD36B1 /* nssl0034.jpg in Resources */,
				000D9E311C76B7E200FD36B1 /* nssl0051.jpg in Resources */,
				000D9E171C76B7C900FD36B1 /* LaunchScreen.storyboard in Resources */,
				000D9E2D1C76B7E200FD36B1 /* nssl0043.jpg in Resources */,
				000D9E291C76B7E200FD36B1 /* nssl0033.jpg in Resources */,
				000D9E2E1C76B7E200FD36B1 /* nssl0045.jpg in Resources */,
				000D9E2F1C76B7E200FD36B1 /* nssl0046.jpg in Resources */,
				000D9E301C76B7E200FD36B1 /* nssl0049.jpg in Resources */,
				000D9E2C1C76B7E200FD36B1 /* nssl0042.jpg in Resources */,
				000D9E141C76B7C900FD36B1 /* Assets.xcassets in Resources */,
				000D9E321C76B7E200FD36B1 /* nssl0091.jpg in Resources */,
				000D9E2B1C76B7E200FD36B1 /* nssl0041.jpg in Resources */,
				000D9E121C76B7C900FD36B1 /* Main.storyboard in Resources */,
			);
			runOnlyForDeploymentPostprocessing = 0;
		};
/* End PBXResourcesBuildPhase section */

/* Begin PBXSourcesBuildPhase section */
		000D9E031C76B7C900FD36B1 /* Sources */ = {
			isa = PBXSourcesBuildPhase;
			buildActionMask = 2147483647;
			files = (
				000D9E0F1C76B7C900FD36B1 /* DetailViewController.swift in Sources */,
				000D9E0D1C76B7C900FD36B1 /* MasterViewController.swift in Sources */,
				000D9E0B1C76B7C900FD36B1 /* AppDelegate.swift in Sources */,
			);
			runOnlyForDeploymentPostprocessing = 0;
		};
/* End PBXSourcesBuildPhase section */

/* Begin PBXVariantGroup section */
		000D9E101C76B7C900FD36B1 /* Main.storyboard */ = {
			isa = PBXVariantGroup;
			children = (
				000D9E111C76B7C900FD36B1 /* Base */,
			);
			name = Main.storyboard;
			sourceTree = "<group>";
		};
		000D9E151C76B7C900FD36B1 /* LaunchScreen.storyboard */ = {
			isa = PBXVariantGroup;
			children = (
				000D9E161C76B7C900FD36B1 /* Base */,
			);
			name = LaunchScreen.storyboard;
			sourceTree = "<group>";
		};
/* End PBXVariantGroup section */

/* Begin XCBuildConfiguration section */
		000D9E191C76B7C900FD36B1 /* Debug */ = {
			isa = XCBuildConfiguration;
			buildSettings = {
				ALWAYS_SEARCH_USER_PATHS = NO;
				CLANG_CXX_LANGUAGE_STANDARD = "gnu++0x";
				CLANG_CXX_LIBRARY = "libc++";
				CLANG_ENABLE_MODULES = YES;
				CLANG_ENABLE_OBJC_ARC = YES;
				CLANG_WARN_BOOL_CONVERSION = YES;
				CLANG_WARN_CONSTANT_CONVERSION = YES;
				CLANG_WARN_DIRECT_OBJC_ISA_USAGE = YES_ERROR;
				CLANG_WARN_EMPTY_BODY = YES;
				CLANG_WARN_ENUM_CONVERSION = YES;
				CLANG_WARN_INT_CONVERSION = YES;
				CLANG_WARN_OBJC_ROOT_CLASS = YES_ERROR;
				CLANG_WARN_UNREACHABLE_CODE = YES;
				CLANG_WARN__DUPLICATE_METHOD_MATCH = YES;
				"CODE_SIGN_IDENTITY[sdk=iphoneos*]" = "iPhone Developer";
				COPY_PHASE_STRIP = NO;
				DEBUG_INFORMATION_FORMAT = dwarf;
				ENABLE_STRICT_OBJC_MSGSEND = YES;
				ENABLE_TESTABILITY = YES;
				GCC_C_LANGUAGE_STANDARD = gnu99;
				GCC_DYNAMIC_NO_PIC = NO;
				GCC_NO_COMMON_BLOCKS = YES;
				GCC_OPTIMIZATION_LEVEL = 0;
				GCC_PREPROCESSOR_DEFINITIONS = (
					"DEBUG=1",
					"$(inherited)",
				);
				GCC_WARN_64_TO_32_BIT_CONVERSION = YES;
				GCC_WARN_ABOUT_RETURN_TYPE = YES_ERROR;
				GCC_WARN_UNDECLARED_SELECTOR = YES;
				GCC_WARN_UNINITIALIZED_AUTOS = YES_AGGRESSIVE;
				GCC_WARN_UNUSED_FUNCTION = YES;
				GCC_WARN_UNUSED_VARIABLE = YES;
				IPHONEOS_DEPLOYMENT_TARGET = 9.2;
				MTL_ENABLE_DEBUG_INFO = YES;
				ONLY_ACTIVE_ARCH = YES;
				SDKROOT = iphoneos;
				SWIFT_OPTIMIZATION_LEVEL = "-Onone";
			};
			name = Debug;
		};
		000D9E1A1C76B7C900FD36B1 /* Release */ = {
			isa = XCBuildConfiguration;
			buildSettings = {
				ALWAYS_SEARCH_USER_PATHS = NO;
				CLANG_CXX_LANGUAGE_STANDARD = "gnu++0x";
				CLANG_CXX_LIBRARY = "libc++";
				CLANG_ENABLE_MODULES = YES;
				CLANG_ENABLE_OBJC_ARC = YES;
				CLANG_WARN_BOOL_CONVERSION = YES;
				CLANG_WARN_CONSTANT_CONVERSION = YES;
				CLANG_WARN_DIRECT_OBJC_ISA_USAGE = YES_ERROR;
				CLANG_WARN_EMPTY_BODY = YES;
				CLANG_WARN_ENUM_CONVERSION = YES;
				CLANG_WARN_INT_CONVERSION = YES;
				CLANG_WARN_OBJC_ROOT_CLASS = YES_ERROR;
				CLANG_WARN_UNREACHABLE_CODE = YES;
				CLANG_WARN__DUPLICATE_METHOD_MATCH = YES;
				"CODE_SIGN_IDENTITY[sdk=iphoneos*]" = "iPhone Developer";
				COPY_PHASE_STRIP = NO;
				DEBUG_INFORMATION_FORMAT = "dwarf-with-dsym";
				ENABLE_NS_ASSERTIONS = NO;
				ENABLE_STRICT_OBJC_MSGSEND = YES;
				GCC_C_LANGUAGE_STANDARD = gnu99;
				GCC_NO_COMMON_BLOCKS = YES;
				GCC_WARN_64_TO_32_BIT_CONVERSION = YES;
				GCC_WARN_ABOUT_RETURN_TYPE = YES_ERROR;
				GCC_WARN_UNDECLARED_SELECTOR = YES;
				GCC_WARN_UNINITIALIZED_AUTOS = YES_AGGRESSIVE;
				GCC_WARN_UNUSED_FUNCTION = YES;
				GCC_WARN_UNUSED_VARIABLE = YES;
				IPHONEOS_DEPLOYMENT_TARGET = 9.2;
				MTL_ENABLE_DEBUG_INFO = NO;
				SDKROOT = iphoneos;
				VALIDATE_PRODUCT = YES;
			};
			name = Release;
		};
		000D9E1C1C76B7C900FD36B1 /* Debug */ = {
			isa = XCBuildConfiguration;
			buildSettings = {
				ASSETCATALOG_COMPILER_APPICON_NAME = AppIcon;
				INFOPLIST_FILE = "HackingWithSwift-03/Info.plist";
				LD_RUNPATH_SEARCH_PATHS = "$(inherited) @executable_path/Frameworks";
				PRODUCT_BUNDLE_IDENTIFIER = "com.mRocker.HackingWithSwift-03";
				PRODUCT_NAME = "$(TARGET_NAME)";
			};
			name = Debug;
		};
		000D9E1D1C76B7C900FD36B1 /* Release */ = {
			isa = XCBuildConfiguration;
			buildSettings = {
				ASSETCATALOG_COMPILER_APPICON_NAME = AppIcon;
				INFOPLIST_FILE = "HackingWithSwift-03/Info.plist";
				LD_RUNPATH_SEARCH_PATHS = "$(inherited) @executable_path/Frameworks";
				PRODUCT_BUNDLE_IDENTIFIER = "com.mRocker.HackingWithSwift-03";
				PRODUCT_NAME = "$(TARGET_NAME)";
			};
			name = Release;
		};
/* End XCBuildConfiguration section */

/* Begin XCConfigurationList section */
		000D9E021C76B7C900FD36B1 /* Build configuration list for PBXProject "HackingWithSwift-03" */ = {
			isa = XCConfigurationList;
			buildConfigurations = (
				000D9E191C76B7C900FD36B1 /* Debug */,
				000D9E1A1C76B7C900FD36B1 /* Release */,
			);
			defaultConfigurationIsVisible = 0;
			defaultConfigurationName = Release;
		};
		000D9E1B1C76B7C900FD36B1 /* Build configuration list for PBXNativeTarget "HackingWithSwift-03" */ = {
			isa = XCConfigurationList;
			buildConfigurations = (
				000D9E1C1C76B7C900FD36B1 /* Debug */,
				000D9E1D1C76B7C900FD36B1 /* Release */,
			);
			defaultConfigurationIsVisible = 0;
		};
/* End XCConfigurationList section */
	};
	rootObject = 000D9DFF1C76B7C900FD36B1 /* Project object */;
}
